
Microsoft Visual Studio Solution File, Format Version 12.00
# Visual Studio Version 18
VisualStudioVersion = 18.2.11408.102 d18.0
MinimumVisualStudioVersion = 10.0.40219.1
Project("{FAE04EC0-301F-11D3-BF4B-00C04F79EFBC}") = "ModernizationDemo.LinqToSqlTests", "ModernizationDemo.LinqToSqlTests\ModernizationDemo.LinqToSqlTests.csproj", "{7232F8D7-DE5C-411C-92E1-58B7528E8466}"
EndProject
Project("{FAE04EC0-301F-11D3-BF4B-00C04F79EFBC}") = "ModernizationDemo.LinqToSqlToEfCoreTests", "ModernizationDemo.LinqToSqlToEfCoreTests\ModernizationDemo.LinqToSqlToEfCoreTests.csproj", "{31F2B945-646A-4903-A1FB-87E4E613E148}"
EndProject
Global
	GlobalSection(SolutionConfigurationPlatforms) = preSolution
		Debug|Any CPU = Debug|Any CPU
		Release|Any CPU = Release|Any CPU
	EndGlobalSection
	GlobalSection(ProjectConfigurationPlatforms) = postSolution
		{7232F8D7-DE5C-411C-92E1-58B7528E8466}.Debug|Any CPU.ActiveCfg = Debug|Any CPU
		{7232F8D7-DE5C-411C-92E1-58B7528E8466}.Debug|Any CPU.Build.0 = Debug|Any CPU
		{7232F8D7-DE5C-411C-92E1-58B7528E8466}.Release|Any CPU.ActiveCfg = Release|Any CPU
		{7232F8D7-DE5C-411C-92E1-58B7528E8466}.Release|Any CPU.Build.0 = Release|Any CPU
		{31F2B945-646A-4903-A1FB-87E4E613E148}.Debug|Any CPU.ActiveCfg = Debug|Any CPU
		{31F2B945-646A-4903-A1FB-87E4E613E148}.Debug|Any CPU.Build.0 = Debug|Any CPU
		{31F2B945-646A-4903-A1FB-87E4E613E148}.Release|Any CPU.ActiveCfg = Release|Any CPU
		{31F2B945-646A-4903-A1FB-87E4E613E148}.Release|Any CPU.Build.0 = Release|Any CPU
	EndGlobalSection
	GlobalSection(SolutionProperties) = preSolution
		HideSolutionNode = FALSE
	EndGlobalSection
	GlobalSection(ExtensibilityGlobals) = postSolution
		SolutionGuid = {745D55BF-C542-458A-908C-F0DC64984175}
	EndGlobalSection
EndGlobal
