
Microsoft Visual Studio Solution File, Format Version 12.00
# Visual Studio Version 17
VisualStudioVersion = 17.14.36212.18 d17.14
MinimumVisualStudioVersion = 10.0.40219.1
Project("{FAE04EC0-301F-11D3-BF4B-00C04F79EFBC}") = "Chapter02_Vectorization", "Chapter02_Vectorization\Chapter02_Vectorization.csproj", "{D0C1BBE1-9B56-42E9-8EFE-B9704C1F8B8C}"
EndProject
Global
	GlobalSection(SolutionConfigurationPlatforms) = preSolution
		Debug|Any CPU = Debug|Any CPU
		Release|Any CPU = Release|Any CPU
	EndGlobalSection
	GlobalSection(ProjectConfigurationPlatforms) = postSolution
		{D0C1BBE1-9B56-42E9-8EFE-B9704C1F8B8C}.Debug|Any CPU.ActiveCfg = Debug|Any CPU
		{D0C1BBE1-9B56-42E9-8EFE-B9704C1F8B8C}.Debug|Any CPU.Build.0 = Debug|Any CPU
		{D0C1BBE1-9B56-42E9-8EFE-B9704C1F8B8C}.Release|Any CPU.ActiveCfg = Release|Any CPU
		{D0C1BBE1-9B56-42E9-8EFE-B9704C1F8B8C}.Release|Any CPU.Build.0 = Release|Any CPU
	EndGlobalSection
	GlobalSection(SolutionProperties) = preSolution
		HideSolutionNode = FALSE
	EndGlobalSection
	GlobalSection(ExtensibilityGlobals) = postSolution
		SolutionGuid = {5640A58B-219A-4736-9F7E-345BE5BACF39}
	EndGlobalSection
EndGlobal
