
Microsoft Visual Studio Solution File, Format Version 12.00
# Visual Studio Version 17
VisualStudioVersion = 17.14.36212.18 d17.14
MinimumVisualStudioVersion = 10.0.40219.1
Project("{FAE04EC0-301F-11D3-BF4B-00C04F79EFBC}") = "Chapter01_BclChanges", "Chapter01_BclChanges\Chapter01_BclChanges.csproj", "{C35A3F7A-EA6D-4557-94FD-AA6062E2D1E5}"
EndProject
Global
	GlobalSection(SolutionConfigurationPlatforms) = preSolution
		Debug|Any CPU = Debug|Any CPU
		Release|Any CPU = Release|Any CPU
	EndGlobalSection
	GlobalSection(ProjectConfigurationPlatforms) = postSolution
		{C35A3F7A-EA6D-4557-94FD-AA6062E2D1E5}.Debug|Any CPU.ActiveCfg = Debug|Any CPU
		{C35A3F7A-EA6D-4557-94FD-AA6062E2D1E5}.Debug|Any CPU.Build.0 = Debug|Any CPU
		{C35A3F7A-EA6D-4557-94FD-AA6062E2D1E5}.Release|Any CPU.ActiveCfg = Release|Any CPU
		{C35A3F7A-EA6D-4557-94FD-AA6062E2D1E5}.Release|Any CPU.Build.0 = Release|Any CPU
	EndGlobalSection
	GlobalSection(SolutionProperties) = preSolution
		HideSolutionNode = FALSE
	EndGlobalSection
	GlobalSection(ExtensibilityGlobals) = postSolution
		SolutionGuid = {44746822-E7C5-435F-A312-3AA37C0796EB}
	EndGlobalSection
EndGlobal
